// !$*UTF8*$!
{
	archiveVersion = 1;
	classes = {
	};
	objectVersion = 48;
	objects = {

/* Begin PBXBuildFile section */
		2F26DB71202C53CB00FB74BD /* AppDelegate.swift in Sources */ = {isa = PBXBuildFile; fileRef = 2F26DB70202C53CB00FB74BD /* AppDelegate.swift */; };
		2F26DB73202C53CB00FB74BD /* ViewController.swift in Sources */ = {isa = PBXBuildFile; fileRef = 2F26DB72202C53CB00FB74BD /* ViewController.swift */; };
		2F26DB76202C53CB00FB74BD /* Main.storyboard in Resources */ = {isa = PBXBuildFile; fileRef = 2F26DB74202C53CB00FB74BD /* Main.storyboard */; };
		2F26DB78202C53CB00FB74BD /* Assets.xcassets in Resources */ = {isa = PBXBuildFile; fileRef = 2F26DB77202C53CB00FB74BD /* Assets.xcassets */; };
		2F26DB7B202C53CB00FB74BD /* LaunchScreen.storyboard in Resources */ = {isa = PBXBuildFile; fileRef = 2F26DB79202C53CB00FB74BD /* LaunchScreen.storyboard */; };
		2F26DB83202C53E700FB74BD /* PVSwitch.swift in Sources */ = {isa = PBXBuildFile; fileRef = 2F26DB82202C53E700FB74BD /* PVSwitch.swift */; };
/* End PBXBuildFile section */

/* Begin PBXFileReference section */
		2F26DB6D202C53CB00FB74BD /* PVSwitch.app */ = {isa = PBXFileReference; explicitFileType = wrapper.application; includeInIndex = 0; path = PVSwitch.app; sourceTree = BUILT_PRODUCTS_DIR; };
		2F26DB70202C53CB00FB74BD /* AppDelegate.swift */ = {isa = PBXFileReference; lastKnownFileType = sourcecode.swift; path = AppDelegate.swift; sourceTree = "<group>"; };
		2F26DB72202C53CB00FB74BD /* ViewController.swift */ = {isa = PBXFileReference; lastKnownFileType = sourcecode.swift; path = ViewController.swift; sourceTree = "<group>"; };
		2F26DB75202C53CB00FB74BD /* Base */ = {isa = PBXFileReference; lastKnownFileType = file.storyboard; name = Base; path = Base.lproj/Main.storyboard; sourceTree = "<group>"; };
		2F26DB77202C53CB00FB74BD /* Assets.xcassets */ = {isa = PBXFileReference; lastKnownFileType = folder.assetcatalog; path = Assets.xcassets; sourceTree = "<group>"; };
		2F26DB7A202C53CB00FB74BD /* Base */ = {isa = PBXFileReference; lastKnownFileType = file.storyboard; name = Base; path = Base.lproj/LaunchScreen.storyboard; sourceTree = "<group>"; };
		2F26DB7C202C53CB00FB74BD /* Info.plist */ = {isa = PBXFileReference; lastKnownFileType = text.plist.xml; path = Info.plist; sourceTree = "<group>"; };
		2F26DB82202C53E700FB74BD /* PVSwitch.swift */ = {isa = PBXFileReference; fileEncoding = 4; lastKnownFileType = sourcecode.swift; path = PVSwitch.swift; sourceTree = "<group>"; };
/* End PBXFileReference section */

/* Begin PBXFrameworksBuildPhase section */
		2F26DB6A202C53CB00FB74BD /* Frameworks */ = {
			isa = PBXFrameworksBuildPhase;
			buildActionMask = 2147483647;
			files = (
			);
			runOnlyForDeploymentPostprocessing = 0;
		};
/* End PBXFrameworksBuildPhase section */

/* Begin PBXGroup section */
		2F26DB64202C53CB00FB74BD = {
			isa = PBXGroup;
			children = (
				2F26DB6F202C53CB00FB74BD /* PVSwitch */,
				2F26DB6E202C53CB00FB74BD /* Products */,
			);
			sourceTree = "<group>";
		};
		2F26DB6E202C53CB00FB74BD /* Products */ = {
			isa = PBXGroup;
			children = (
				2F26DB6D202C53CB00FB74BD /* PVSwitch.app */,
			);
			name = Products;
			sourceTree = "<group>";
		};
		2F26DB6F202C53CB00FB74BD /* PVSwitch */ = {
			isa = PBXGroup;
			children = (
				2F26DB82202C53E700FB74BD /* PVSwitch.swift */,
				2F26DB70202C53CB00FB74BD /* AppDelegate.swift */,
				2F26DB72202C53CB00FB74BD /* ViewController.swift */,
				2F26DB74202C53CB00FB74BD /* Main.storyboard */,
				2F26DB77202C53CB00FB74BD /* Assets.xcassets */,
				2F26DB79202C53CB00FB74BD /* LaunchScreen.storyboard */,
				2F26DB7C202C53CB00FB74BD /* Info.plist */,
			);
			path = PVSwitch;
			sourceTree = "<group>";
		};
/* End PBXGroup section */

/* Begin PBXNativeTarget section */
		2F26DB6C202C53CB00FB74BD /* PVSwitch */ = {
			isa = PBXNativeTarget;
			buildConfigurationList = 2F26DB7F202C53CB00FB74BD /* Build configuration list for PBXNativeTarget "PVSwitch" */;
			buildPhases = (
				2F26DB69202C53CB00FB74BD /* Sources */,
				2F26DB6A202C53CB00FB74BD /* Frameworks */,
				2F26DB6B202C53CB00FB74BD /* Resources */,
			);
			buildRules = (
			);
			dependencies = (
			);
			name = PVSwitch;
			productName = PVSwitch;
			productReference = 2F26DB6D202C53CB00FB74BD /* PVSwitch.app */;
			productType = "com.apple.product-type.application";
		};
/* End PBXNativeTarget section */

/* Begin PBXProject section */
		2F26DB65202C53CB00FB74BD /* Project object */ = {
			isa = PBXProject;
			attributes = {
				LastSwiftUpdateCheck = 0920;
				LastUpgradeCheck = 0920;
				ORGANIZATIONNAME = "Pulkit Vaid";
				TargetAttributes = {
					2F26DB6C202C53CB00FB74BD = {
						CreatedOnToolsVersion = 9.2;
						ProvisioningStyle = Automatic;
					};
				};
			};
			buildConfigurationList = 2F26DB68202C53CB00FB74BD /* Build configuration list for PBXProject "PVSwitch" */;
			compatibilityVersion = "Xcode 8.0";
			developmentRegion = en;
			hasScannedForEncodings = 0;
			knownRegions = (
				en,
				Base,
			);
			mainGroup = 2F26DB64202C53CB00FB74BD;
			productRefGroup = 2F26DB6E202C53CB00FB74BD /* Products */;
			projectDirPath = "";
			projectRoot = "";
			targets = (
				2F26DB6C202C53CB00FB74BD /* PVSwitch */,
			);
		};
/* End PBXProject section */

/* Begin PBXResourcesBuildPhase section */
		2F26DB6B202C53CB00FB74BD /* Resources */ = {
			isa = PBXResourcesBuildPhase;
			buildActionMask = 2147483647;
			files = (
				2F26DB7B202C53CB00FB74BD /* LaunchScreen.storyboard in Resources */,
				2F26DB78202C53CB00FB74BD /* Assets.xcassets in Resources */,
				2F26DB76202C53CB00FB74BD /* Main.storyboard in Resources */,
			);
			runOnlyForDeploymentPostprocessing = 0;
		};
/* End PBXResourcesBuildPhase section */

/* Begin PBXSourcesBuildPhase section */
		2F26DB69202C53CB00FB74BD /* Sources */ = {
			isa = PBXSourcesBuildPhase;
			buildActionMask = 2147483647;
			files = (
				2F26DB83202C53E700FB74BD /* PVSwitch.swift in Sources */,
				2F26DB73202C53CB00FB74BD /* ViewController.swift in Sources */,
				2F26DB71202C53CB00FB74BD /* AppDelegate.swift in Sources */,
			);
			runOnlyForDeploymentPostprocessing = 0;
		};
/* End PBXSourcesBuildPhase section */

/* Begin PBXVariantGroup section */
		2F26DB74202C53CB00FB74BD /* Main.storyboard */ = {
			isa = PBXVariantGroup;
			children = (
				2F26DB75202C53CB00FB74BD /* Base */,
			);
			name = Main.storyboard;
			sourceTree = "<group>";
		};
		2F26DB79202C53CB00FB74BD /* LaunchScreen.storyboard */ = {
			isa = PBXVariantGroup;
			children = (
				2F26DB7A202C53CB00FB74BD /* Base */,
			);
			name = LaunchScreen.storyboard;
			sourceTree = "<group>";
		};
/* End PBXVariantGroup section */

/* Begin XCBuildConfiguration section */
		2F26DB7D202C53CB00FB74BD /* Debug */ = {
			isa = XCBuildConfiguration;
			buildSettings = {
				ALWAYS_SEARCH_USER_PATHS = NO;
				CLANG_ANALYZER_NONNULL = YES;
				CLANG_ANALYZER_NUMBER_OBJECT_CONVERSION = YES_AGGRESSIVE;
				CLANG_CXX_LANGUAGE_STANDARD = "gnu++14";
				CLANG_CXX_LIBRARY = "libc++";
				CLANG_ENABLE_MODULES = YES;
				CLANG_ENABLE_OBJC_ARC = YES;
				CLANG_WARN_BLOCK_CAPTURE_AUTORELEASING = YES;
				CLANG_WARN_BOOL_CONVERSION = YES;
				CLANG_WARN_COMMA = YES;
				CLANG_WARN_CONSTANT_CONVERSION = YES;
				CLANG_WARN_DIRECT_OBJC_ISA_USAGE = YES_ERROR;
				CLANG_WARN_DOCUMENTATION_COMMENTS = YES;
				CLANG_WARN_EMPTY_BODY = YES;
				CLANG_WARN_ENUM_CONVERSION = YES;
				CLANG_WARN_INFINITE_RECURSION = YES;
				CLANG_WARN_INT_CONVERSION = YES;
				CLANG_WARN_NON_LITERAL_NULL_CONVERSION = YES;
				CLANG_WARN_OBJC_LITERAL_CONVERSION = YES;
				CLANG_WARN_OBJC_ROOT_CLASS = YES_ERROR;
				CLANG_WARN_RANGE_LOOP_ANALYSIS = YES;
				CLANG_WARN_STRICT_PROTOTYPES = YES;
				CLANG_WARN_SUSPICIOUS_MOVE = YES;
				CLANG_WARN_UNGUARDED_AVAILABILITY = YES_AGGRESSIVE;
				CLANG_WARN_UNREACHABLE_CODE = YES;
				CLANG_WARN__DUPLICATE_METHOD_MATCH = YES;
				CODE_SIGN_IDENTITY = "iPhone Developer";
				COPY_PHASE_STRIP = NO;
				DEBUG_INFORMATION_FORMAT = dwarf;
				ENABLE_STRICT_OBJC_MSGSEND = YES;
				ENABLE_TESTABILITY = YES;
				GCC_C_LANGUAGE_STANDARD = gnu11;
				GCC_DYNAMIC_NO_PIC = NO;
				GCC_NO_COMMON_BLOCKS = YES;
				GCC_OPTIMIZATION_LEVEL = 0;
				GCC_PREPROCESSOR_DEFINITIONS = (
					"DEBUG=1",
					"$(inherited)",
				);
				GCC_WARN_64_TO_32_BIT_CONVERSION = YES;
				GCC_WARN_ABOUT_RETURN_TYPE = YES_ERROR;
				GCC_WARN_UNDECLARED_SELECTOR = YES;
				GCC_WARN_UNINITIALIZED_AUTOS = YES_AGGRESSIVE;
				GCC_WARN_UNUSED_FUNCTION = YES;
				GCC_WARN_UNUSED_VARIABLE = YES;
				IPHONEOS_DEPLOYMENT_TARGET = 11.2;
				MTL_ENABLE_DEBUG_INFO = YES;
				ONLY_ACTIVE_ARCH = YES;
				SDKROOT = iphoneos;
				SWIFT_ACTIVE_COMPILATION_CONDITIONS = DEBUG;
				SWIFT_OPTIMIZATION_LEVEL = "-Onone";
			};
			name = Debug;
		};
		2F26DB7E202C53CB00FB74BD /* Release */ = {
			isa = XCBuildConfiguration;
			buildSettings = {
				ALWAYS_SEARCH_USER_PATHS = NO;
				CLANG_ANALYZER_NONNULL = YES;
				CLANG_ANALYZER_NUMBER_OBJECT_CONVERSION = YES_AGGRESSIVE;
				CLANG_CXX_LANGUAGE_STANDARD = "gnu++14";
				CLANG_CXX_LIBRARY = "libc++";
				CLANG_ENABLE_MODULES = YES;
				CLANG_ENABLE_OBJC_ARC = YES;
				CLANG_WARN_BLOCK_CAPTURE_AUTORELEASING = YES;
				CLANG_WARN_BOOL_CONVERSION = YES;
				CLANG_WARN_COMMA = YES;
				CLANG_WARN_CONSTANT_CONVERSION = YES;
				CLANG_WARN_DIRECT_OBJC_ISA_USAGE = YES_ERROR;
				CLANG_WARN_DOCUMENTATION_COMMENTS = YES;
				CLANG_WARN_EMPTY_BODY = YES;
				CLANG_WARN_ENUM_CONVERSION = YES;
				CLANG_WARN_INFINITE_RECURSION = YES;
				CLANG_WARN_INT_CONVERSION = YES;
				CLANG_WARN_NON_LITERAL_NULL_CONVERSION = YES;
				CLANG_WARN_OBJC_LITERAL_CONVERSION = YES;
				CLANG_WARN_OBJC_ROOT_CLASS = YES_ERROR;
				CLANG_WARN_RANGE_LOOP_ANALYSIS = YES;
				CLANG_WARN_STRICT_PROTOTYPES = YES;
				CLANG_WARN_SUSPICIOUS_MOVE = YES;
				CLANG_WARN_UNGUARDED_AVAILABILITY = YES_AGGRESSIVE;
				CLANG_WARN_UNREACHABLE_CODE = YES;
				CLANG_WARN__DUPLICATE_METHOD_MATCH = YES;
				CODE_SIGN_IDENTITY = "iPhone Developer";
				COPY_PHASE_STRIP = NO;
				DEBUG_INFORMATION_FORMAT = "dwarf-with-dsym";
				ENABLE_NS_ASSERTIONS = NO;
				ENABLE_STRICT_OBJC_MSGSEND = YES;
				GCC_C_LANGUAGE_STANDARD = gnu11;
				GCC_NO_COMMON_BLOCKS = YES;
				GCC_WARN_64_TO_32_BIT_CONVERSION = YES;
				GCC_WARN_ABOUT_RETURN_TYPE = YES_ERROR;
				GCC_WARN_UNDECLARED_SELECTOR = YES;
				GCC_WARN_UNINITIALIZED_AUTOS = YES_AGGRESSIVE;
				GCC_WARN_UNUSED_FUNCTION = YES;
				GCC_WARN_UNUSED_VARIABLE = YES;
				IPHONEOS_DEPLOYMENT_TARGET = 11.2;
				MTL_ENABLE_DEBUG_INFO = NO;
				SDKROOT = iphoneos;
				SWIFT_OPTIMIZATION_LEVEL = "-Owholemodule";
				VALIDATE_PRODUCT = YES;
			};
			name = Release;
		};
		2F26DB80202C53CB00FB74BD /* Debug */ = {
			isa = XCBuildConfiguration;
			buildSettings = {
				ASSETCATALOG_COMPILER_APPICON_NAME = AppIcon;
				CODE_SIGN_STYLE = Automatic;
				DEVELOPMENT_TEAM = Z8JUGFK9JF;
				INFOPLIST_FILE = PVSwitch/Info.plist;
				LD_RUNPATH_SEARCH_PATHS = "$(inherited) @executable_path/Frameworks";
				PRODUCT_BUNDLE_IDENTIFIER = com.pulkitvaid.PVSwitch;
				PRODUCT_NAME = "$(TARGET_NAME)";
				SWIFT_VERSION = 4.0;
				TARGETED_DEVICE_FAMILY = "1,2";
			};
			name = Debug;
		};
		2F26DB81202C53CB00FB74BD /* Release */ = {
			isa = XCBuildConfiguration;
			buildSettings = {
				ASSETCATALOG_COMPILER_APPICON_NAME = AppIcon;
				CODE_SIGN_STYLE = Automatic;
				DEVELOPMENT_TEAM = Z8JUGFK9JF;
				INFOPLIST_FILE = PVSwitch/Info.plist;
				LD_RUNPATH_SEARCH_PATHS = "$(inherited) @executable_path/Frameworks";
				PRODUCT_BUNDLE_IDENTIFIER = com.pulkitvaid.PVSwitch;
				PRODUCT_NAME = "$(TARGET_NAME)";
				SWIFT_VERSION = 4.0;
				TARGETED_DEVICE_FAMILY = "1,2";
			};
			name = Release;
		};
/* End XCBuildConfiguration section */

/* Begin XCConfigurationList section */
		2F26DB68202C53CB00FB74BD /* Build configuration list for PBXProject "PVSwitch" */ = {
			isa = XCConfigurationList;
			buildConfigurations = (
				2F26DB7D202C53CB00FB74BD /* Debug */,
				2F26DB7E202C53CB00FB74BD /* Release */,
			);
			defaultConfigurationIsVisible = 0;
			defaultConfigurationName = Release;
		};
		2F26DB7F202C53CB00FB74BD /* Build configuration list for PBXNativeTarget "PVSwitch" */ = {
			isa = XCConfigurationList;
			buildConfigurations = (
				2F26DB80202C53CB00FB74BD /* Debug */,
				2F26DB81202C53CB00FB74BD /* Release */,
			);
			defaultConfigurationIsVisible = 0;
			defaultConfigurationName = Release;
		};
/* End XCConfigurationList section */
	};
	rootObject = 2F26DB65202C53CB00FB74BD /* Project object */;
}
